// !$*UTF8*$!
{
	archiveVersion = 1;
	classes = {
	};
	objectVersion = 46;
	objects = {

/* Begin PBXBuildFile section */
		454B36E81BFEB4DA00FA085C /* NSDate+PFObjC.m in Sources */ = {isa = PBXBuildFile; fileRef = 454B36E31BFEB4DA00FA085C /* NSDate+PFObjC.m */; };
		454B36E91BFEB4DA00FA085C /* NSString+PFObjC.m in Sources */ = {isa = PBXBuildFile; fileRef = 454B36E51BFEB4DA00FA085C /* NSString+PFObjC.m */; };
		454B36EA1BFEB4DA00FA085C /* UIView+PFObjC.m in Sources */ = {isa = PBXBuildFile; fileRef = 454B36E71BFEB4DA00FA085C /* UIView+PFObjC.m */; };
		454B36F51BFEB4EF00FA085C /* PFFile.m in Sources */ = {isa = PBXBuildFile; fileRef = 454B36EC1BFEB4EF00FA085C /* PFFile.m */; };
		454B36F61BFEB4EF00FA085C /* PFModel.m in Sources */ = {isa = PBXBuildFile; fileRef = 454B36EE1BFEB4EF00FA085C /* PFModel.m */; };
		454B36F71BFEB4EF00FA085C /* PFQRCode.m in Sources */ = {isa = PBXBuildFile; fileRef = 454B36F01BFEB4EF00FA085C /* PFQRCode.m */; };
		454B36F81BFEB4EF00FA085C /* PFScanner.m in Sources */ = {isa = PBXBuildFile; fileRef = 454B36F21BFEB4EF00FA085C /* PFScanner.m */; };
		454B36F91BFEB4EF00FA085C /* PFTime.m in Sources */ = {isa = PBXBuildFile; fileRef = 454B36F41BFEB4EF00FA085C /* PFTime.m */; };
		456225B91BF579F9008202A7 /* main.m in Sources */ = {isa = PBXBuildFile; fileRef = 456225B81BF579F9008202A7 /* main.m */; };
		456225BC1BF579F9008202A7 /* AppDelegate.m in Sources */ = {isa = PBXBuildFile; fileRef = 456225BB1BF579F9008202A7 /* AppDelegate.m */; };
		456225C41BF579F9008202A7 /* Assets.xcassets in Resources */ = {isa = PBXBuildFile; fileRef = 456225C31BF579F9008202A7 /* Assets.xcassets */; };
		456225D81BF57A33008202A7 /* LaunchScreen.storyboard in Resources */ = {isa = PBXBuildFile; fileRef = 456225D31BF57A33008202A7 /* LaunchScreen.storyboard */; };
		456225D91BF57A33008202A7 /* Main.storyboard in Resources */ = {isa = PBXBuildFile; fileRef = 456225D51BF57A33008202A7 /* Main.storyboard */; };
		456225DC1BF57A4A008202A7 /* RootViewController.m in Sources */ = {isa = PBXBuildFile; fileRef = 456225DB1BF57A4A008202A7 /* RootViewController.m */; };
		456225E11BF57B4E008202A7 /* RootModel.m in Sources */ = {isa = PBXBuildFile; fileRef = 456225E01BF57B4E008202A7 /* RootModel.m */; };
		456788261BFC97200034EB18 /* person.json in Resources */ = {isa = PBXBuildFile; fileRef = 456788251BFC97200034EB18 /* person.json */; };
		4575791E1C040A76004BC1B6 /* NSTimer+PFObjC.m in Sources */ = {isa = PBXBuildFile; fileRef = 4575791D1C040A76004BC1B6 /* NSTimer+PFObjC.m */; };
		457B57931C006AE50033B62A /* person.xml in Resources */ = {isa = PBXBuildFile; fileRef = 457B57921C006AE50033B62A /* person.xml */; };
/* End PBXBuildFile section */

/* Begin PBXFileReference section */
		454B36E21BFEB4DA00FA085C /* NSDate+PFObjC.h */ = {isa = PBXFileReference; fileEncoding = 4; lastKnownFileType = sourcecode.c.h; path = "NSDate+PFObjC.h"; sourceTree = "<group>"; };
		454B36E31BFEB4DA00FA085C /* NSDate+PFObjC.m */ = {isa = PBXFileReference; fileEncoding = 4; lastKnownFileType = sourcecode.c.objc; path = "NSDate+PFObjC.m"; sourceTree = "<group>"; };
		454B36E41BFEB4DA00FA085C /* NSString+PFObjC.h */ = {isa = PBXFileReference; fileEncoding = 4; lastKnownFileType = sourcecode.c.h; path = "NSString+PFObjC.h"; sourceTree = "<group>"; };
		454B36E51BFEB4DA00FA085C /* NSString+PFObjC.m */ = {isa = PBXFileReference; fileEncoding = 4; lastKnownFileType = sourcecode.c.objc; path = "NSString+PFObjC.m"; sourceTree = "<group>"; };
		454B36E61BFEB4DA00FA085C /* UIView+PFObjC.h */ = {isa = PBXFileReference; fileEncoding = 4; lastKnownFileType = sourcecode.c.h; path = "UIView+PFObjC.h"; sourceTree = "<group>"; };
		454B36E71BFEB4DA00FA085C /* UIView+PFObjC.m */ = {isa = PBXFileReference; fileEncoding = 4; lastKnownFileType = sourcecode.c.objc; path = "UIView+PFObjC.m"; sourceTree = "<group>"; };
		454B36EB1BFEB4EF00FA085C /* PFFile.h */ = {isa = PBXFileReference; fileEncoding = 4; lastKnownFileType = sourcecode.c.h; path = PFFile.h; sourceTree = "<group>"; };
		454B36EC1BFEB4EF00FA085C /* PFFile.m */ = {isa = PBXFileReference; fileEncoding = 4; lastKnownFileType = sourcecode.c.objc; path = PFFile.m; sourceTree = "<group>"; };
		454B36ED1BFEB4EF00FA085C /* PFModel.h */ = {isa = PBXFileReference; fileEncoding = 4; lastKnownFileType = sourcecode.c.h; path = PFModel.h; sourceTree = "<group>"; };
		454B36EE1BFEB4EF00FA085C /* PFModel.m */ = {isa = PBXFileReference; fileEncoding = 4; lastKnownFileType = sourcecode.c.objc; path = PFModel.m; sourceTree = "<group>"; };
		454B36EF1BFEB4EF00FA085C /* PFQRCode.h */ = {isa = PBXFileReference; fileEncoding = 4; lastKnownFileType = sourcecode.c.h; path = PFQRCode.h; sourceTree = "<group>"; };
		454B36F01BFEB4EF00FA085C /* PFQRCode.m */ = {isa = PBXFileReference; fileEncoding = 4; lastKnownFileType = sourcecode.c.objc; path = PFQRCode.m; sourceTree = "<group>"; };
		454B36F11BFEB4EF00FA085C /* PFScanner.h */ = {isa = PBXFileReference; fileEncoding = 4; lastKnownFileType = sourcecode.c.h; path = PFScanner.h; sourceTree = "<group>"; };
		454B36F21BFEB4EF00FA085C /* PFScanner.m */ = {isa = PBXFileReference; fileEncoding = 4; lastKnownFileType = sourcecode.c.objc; path = PFScanner.m; sourceTree = "<group>"; };
		454B36F31BFEB4EF00FA085C /* PFTime.h */ = {isa = PBXFileReference; fileEncoding = 4; lastKnownFileType = sourcecode.c.h; path = PFTime.h; sourceTree = "<group>"; };
		454B36F41BFEB4EF00FA085C /* PFTime.m */ = {isa = PBXFileReference; fileEncoding = 4; lastKnownFileType = sourcecode.c.objc; path = PFTime.m; sourceTree = "<group>"; };
		454B36FA1BFEB50500FA085C /* PFObjC.h */ = {isa = PBXFileReference; lastKnownFileType = sourcecode.c.h; path = PFObjC.h; sourceTree = "<group>"; };
		454E7B141C097F1C00330DD5 /* PFConfigure.h */ = {isa = PBXFileReference; fileEncoding = 4; lastKnownFileType = sourcecode.c.h; path = PFConfigure.h; sourceTree = "<group>"; };
		456225B41BF579F9008202A7 /* Demo.app */ = {isa = PBXFileReference; explicitFileType = wrapper.application; includeInIndex = 0; path = Demo.app; sourceTree = BUILT_PRODUCTS_DIR; };
		456225B81BF579F9008202A7 /* main.m */ = {isa = PBXFileReference; lastKnownFileType = sourcecode.c.objc; path = main.m; sourceTree = "<group>"; };
		456225BA1BF579F9008202A7 /* AppDelegate.h */ = {isa = PBXFileReference; lastKnownFileType = sourcecode.c.h; path = AppDelegate.h; sourceTree = "<group>"; };
		456225BB1BF579F9008202A7 /* AppDelegate.m */ = {isa = PBXFileReference; lastKnownFileType = sourcecode.c.objc; path = AppDelegate.m; sourceTree = "<group>"; };
		456225C31BF579F9008202A7 /* Assets.xcassets */ = {isa = PBXFileReference; lastKnownFileType = folder.assetcatalog; path = Assets.xcassets; sourceTree = "<group>"; };
		456225C81BF579F9008202A7 /* Info.plist */ = {isa = PBXFileReference; lastKnownFileType = text.plist.xml; path = Info.plist; sourceTree = "<group>"; };
		456225D41BF57A33008202A7 /* Base */ = {isa = PBXFileReference; lastKnownFileType = file.storyboard; name = Base; path = Base.lproj/LaunchScreen.storyboard; sourceTree = "<group>"; };
		456225D61BF57A33008202A7 /* Base */ = {isa = PBXFileReference; lastKnownFileType = file.storyboard; name = Base; path = Base.lproj/Main.storyboard; sourceTree = "<group>"; };
		456225DA1BF57A4A008202A7 /* RootViewController.h */ = {isa = PBXFileReference; fileEncoding = 4; lastKnownFileType = sourcecode.c.h; path = RootViewController.h; sourceTree = "<group>"; };
		456225DB1BF57A4A008202A7 /* RootViewController.m */ = {isa = PBXFileReference; fileEncoding = 4; lastKnownFileType = sourcecode.c.objc; path = RootViewController.m; sourceTree = "<group>"; };
		456225DF1BF57B4E008202A7 /* RootModel.h */ = {isa = PBXFileReference; fileEncoding = 4; lastKnownFileType = sourcecode.c.h; path = RootModel.h; sourceTree = "<group>"; };
		456225E01BF57B4E008202A7 /* RootModel.m */ = {isa = PBXFileReference; fileEncoding = 4; lastKnownFileType = sourcecode.c.objc; path = RootModel.m; sourceTree = "<group>"; };
		456225E21BF57B8A008202A7 /* Interface.h */ = {isa = PBXFileReference; fileEncoding = 4; lastKnownFileType = sourcecode.c.h; path = Interface.h; sourceTree = "<group>"; };
		456788251BFC97200034EB18 /* person.json */ = {isa = PBXFileReference; fileEncoding = 4; lastKnownFileType = text.json; path = person.json; sourceTree = "<group>"; };
		4575791C1C040A76004BC1B6 /* NSTimer+PFObjC.h */ = {isa = PBXFileReference; fileEncoding = 4; lastKnownFileType = sourcecode.c.h; path = "NSTimer+PFObjC.h"; sourceTree = "<group>"; };
		4575791D1C040A76004BC1B6 /* NSTimer+PFObjC.m */ = {isa = PBXFileReference; fileEncoding = 4; lastKnownFileType = sourcecode.c.objc; path = "NSTimer+PFObjC.m"; sourceTree = "<group>"; };
		457B57921C006AE50033B62A /* person.xml */ = {isa = PBXFileReference; fileEncoding = 4; lastKnownFileType = text.xml; path = person.xml; sourceTree = "<group>"; };
/* End PBXFileReference section */

/* Begin PBXFrameworksBuildPhase section */
		456225B11BF579F9008202A7 /* Frameworks */ = {
			isa = PBXFrameworksBuildPhase;
			buildActionMask = 2147483647;
			files = (
			);
			runOnlyForDeploymentPostprocessing = 0;
		};
/* End PBXFrameworksBuildPhase section */

/* Begin PBXGroup section */
		454B36E01BFEB4BE00FA085C /* Framework */ = {
			isa = PBXGroup;
			children = (
				454E7B141C097F1C00330DD5 /* PFConfigure.h */,
				454B36EB1BFEB4EF00FA085C /* PFFile.h */,
				454B36EC1BFEB4EF00FA085C /* PFFile.m */,
				454B36ED1BFEB4EF00FA085C /* PFModel.h */,
				454B36EE1BFEB4EF00FA085C /* PFModel.m */,
				454B36EF1BFEB4EF00FA085C /* PFQRCode.h */,
				454B36F01BFEB4EF00FA085C /* PFQRCode.m */,
				454B36F11BFEB4EF00FA085C /* PFScanner.h */,
				454B36F21BFEB4EF00FA085C /* PFScanner.m */,
				454B36F31BFEB4EF00FA085C /* PFTime.h */,
				454B36F41BFEB4EF00FA085C /* PFTime.m */,
			);
			name = Framework;
			sourceTree = "<group>";
		};
		454B36E11BFEB4C500FA085C /* Catagory */ = {
			isa = PBXGroup;
			children = (
				454B36E21BFEB4DA00FA085C /* NSDate+PFObjC.h */,
				454B36E31BFEB4DA00FA085C /* NSDate+PFObjC.m */,
				454B36E41BFEB4DA00FA085C /* NSString+PFObjC.h */,
				454B36E51BFEB4DA00FA085C /* NSString+PFObjC.m */,
				4575791C1C040A76004BC1B6 /* NSTimer+PFObjC.h */,
				4575791D1C040A76004BC1B6 /* NSTimer+PFObjC.m */,
				454B36E61BFEB4DA00FA085C /* UIView+PFObjC.h */,
				454B36E71BFEB4DA00FA085C /* UIView+PFObjC.m */,
			);
			name = Catagory;
			sourceTree = "<group>";
		};
		456225AB1BF579F9008202A7 = {
			isa = PBXGroup;
			children = (
				456225B61BF579F9008202A7 /* Demo */,
				456225B51BF579F9008202A7 /* Products */,
			);
			sourceTree = "<group>";
		};
		456225B51BF579F9008202A7 /* Products */ = {
			isa = PBXGroup;
			children = (
				456225B41BF579F9008202A7 /* Demo.app */,
			);
			name = Products;
			sourceTree = "<group>";
		};
		456225B61BF579F9008202A7 /* Demo */ = {
			isa = PBXGroup;
			children = (
				456225BA1BF579F9008202A7 /* AppDelegate.h */,
				456225BB1BF579F9008202A7 /* AppDelegate.m */,
				456225CE1BF57A33008202A7 /* App */,
				456225D71BF57A33008202A7 /* Vendor */,
				456225C31BF579F9008202A7 /* Assets.xcassets */,
				456225C81BF579F9008202A7 /* Info.plist */,
				456225B71BF579F9008202A7 /* Supporting Files */,
			);
			path = Demo;
			sourceTree = "<group>";
		};
		456225B71BF579F9008202A7 /* Supporting Files */ = {
			isa = PBXGroup;
			children = (
				456225B81BF579F9008202A7 /* main.m */,
			);
			name = "Supporting Files";
			sourceTree = "<group>";
		};
		456225CE1BF57A33008202A7 /* App */ = {
			isa = PBXGroup;
			children = (
				456225CF1BF57A33008202A7 /* Controller */,
				456225D11BF57A33008202A7 /* Model */,
				456788241BFC97200034EB18 /* Resource */,
				456225D21BF57A33008202A7 /* View */,
			);
			path = App;
			sourceTree = "<group>";
		};
		456225CF1BF57A33008202A7 /* Controller */ = {
			isa = PBXGroup;
			children = (
				456225DA1BF57A4A008202A7 /* RootViewController.h */,
				456225DB1BF57A4A008202A7 /* RootViewController.m */,
			);
			path = Controller;
			sourceTree = "<group>";
		};
		456225D11BF57A33008202A7 /* Model */ = {
			isa = PBXGroup;
			children = (
				456225E21BF57B8A008202A7 /* Interface.h */,
				456225DF1BF57B4E008202A7 /* RootModel.h */,
				456225E01BF57B4E008202A7 /* RootModel.m */,
			);
			path = Model;
			sourceTree = "<group>";
		};
		456225D21BF57A33008202A7 /* View */ = {
			isa = PBXGroup;
			children = (
				456225D31BF57A33008202A7 /* LaunchScreen.storyboard */,
				456225D51BF57A33008202A7 /* Main.storyboard */,
			);
			path = View;
			sourceTree = "<group>";
		};
		456225D71BF57A33008202A7 /* Vendor */ = {
			isa = PBXGroup;
			children = (
				45FCA15A1BFE191700EC63E7 /* PFObjC */,
			);
			path = Vendor;
			sourceTree = "<group>";
		};
		456788241BFC97200034EB18 /* Resource */ = {
			isa = PBXGroup;
			children = (
				456788251BFC97200034EB18 /* person.json */,
				457B57921C006AE50033B62A /* person.xml */,
			);
			path = Resource;
			sourceTree = "<group>";
		};
		45FCA15A1BFE191700EC63E7 /* PFObjC */ = {
			isa = PBXGroup;
			children = (
				454B36E11BFEB4C500FA085C /* Catagory */,
				454B36E01BFEB4BE00FA085C /* Framework */,
				454B36FA1BFEB50500FA085C /* PFObjC.h */,
			);
			name = PFObjC;
			path = ../../../PFObjC;
			sourceTree = "<group>";
		};
/* End PBXGroup section */

/* Begin PBXNativeTarget section */
		456225B31BF579F9008202A7 /* Demo */ = {
			isa = PBXNativeTarget;
			buildConfigurationList = 456225CB1BF579F9008202A7 /* Build configuration list for PBXNativeTarget "Demo" */;
			buildPhases = (
				456225B01BF579F9008202A7 /* Sources */,
				456225B11BF579F9008202A7 /* Frameworks */,
				456225B21BF579F9008202A7 /* Resources */,
			);
			buildRules = (
			);
			dependencies = (
			);
			name = Demo;
			productName = Demo;
			productReference = 456225B41BF579F9008202A7 /* Demo.app */;
			productType = "com.apple.product-type.application";
		};
/* End PBXNativeTarget section */

/* Begin PBXProject section */
		456225AC1BF579F9008202A7 /* Project object */ = {
			isa = PBXProject;
			attributes = {
				LastUpgradeCheck = 0710;
				ORGANIZATIONNAME = "PF-Lib";
				TargetAttributes = {
					456225B31BF579F9008202A7 = {
						CreatedOnToolsVersion = 7.1;
					};
				};
			};
			buildConfigurationList = 456225AF1BF579F9008202A7 /* Build configuration list for PBXProject "Demo" */;
			compatibilityVersion = "Xcode 3.2";
			developmentRegion = English;
			hasScannedForEncodings = 0;
			knownRegions = (
				en,
				Base,
			);
			mainGroup = 456225AB1BF579F9008202A7;
			productRefGroup = 456225B51BF579F9008202A7 /* Products */;
			projectDirPath = "";
			projectRoot = "";
			targets = (
				456225B31BF579F9008202A7 /* Demo */,
			);
		};
/* End PBXProject section */

/* Begin PBXResourcesBuildPhase section */
		456225B21BF579F9008202A7 /* Resources */ = {
			isa = PBXResourcesBuildPhase;
			buildActionMask = 2147483647;
			files = (
				456225D91BF57A33008202A7 /* Main.storyboard in Resources */,
				456225D81BF57A33008202A7 /* LaunchScreen.storyboard in Resources */,
				456225C41BF579F9008202A7 /* Assets.xcassets in Resources */,
				456788261BFC97200034EB18 /* person.json in Resources */,
				457B57931C006AE50033B62A /* person.xml in Resources */,
			);
			runOnlyForDeploymentPostprocessing = 0;
		};
/* End PBXResourcesBuildPhase section */

/* Begin PBXSourcesBuildPhase section */
		456225B01BF579F9008202A7 /* Sources */ = {
			isa = PBXSourcesBuildPhase;
			buildActionMask = 2147483647;
			files = (
				454B36E81BFEB4DA00FA085C /* NSDate+PFObjC.m in Sources */,
				454B36F61BFEB4EF00FA085C /* PFModel.m in Sources */,
				454B36F51BFEB4EF00FA085C /* PFFile.m in Sources */,
				454B36E91BFEB4DA00FA085C /* NSString+PFObjC.m in Sources */,
				454B36F91BFEB4EF00FA085C /* PFTime.m in Sources */,
				456225BC1BF579F9008202A7 /* AppDelegate.m in Sources */,
				456225DC1BF57A4A008202A7 /* RootViewController.m in Sources */,
				454B36EA1BFEB4DA00FA085C /* UIView+PFObjC.m in Sources */,
				4575791E1C040A76004BC1B6 /* NSTimer+PFObjC.m in Sources */,
				454B36F71BFEB4EF00FA085C /* PFQRCode.m in Sources */,
				454B36F81BFEB4EF00FA085C /* PFScanner.m in Sources */,
				456225B91BF579F9008202A7 /* main.m in Sources */,
				456225E11BF57B4E008202A7 /* RootModel.m in Sources */,
			);
			runOnlyForDeploymentPostprocessing = 0;
		};
/* End PBXSourcesBuildPhase section */

/* Begin PBXVariantGroup section */
		456225D31BF57A33008202A7 /* LaunchScreen.storyboard */ = {
			isa = PBXVariantGroup;
			children = (
				456225D41BF57A33008202A7 /* Base */,
			);
			name = LaunchScreen.storyboard;
			sourceTree = "<group>";
		};
		456225D51BF57A33008202A7 /* Main.storyboard */ = {
			isa = PBXVariantGroup;
			children = (
				456225D61BF57A33008202A7 /* Base */,
			);
			name = Main.storyboard;
			sourceTree = "<group>";
		};
/* End PBXVariantGroup section */

/* Begin XCBuildConfiguration section */
		456225C91BF579F9008202A7 /* Debug */ = {
			isa = XCBuildConfiguration;
			buildSettings = {
				ALWAYS_SEARCH_USER_PATHS = NO;
				CLANG_CXX_LANGUAGE_STANDARD = "gnu++0x";
				CLANG_CXX_LIBRARY = "libc++";
				CLANG_ENABLE_MODULES = YES;
				CLANG_ENABLE_OBJC_ARC = YES;
				CLANG_WARN_BOOL_CONVERSION = YES;
				CLANG_WARN_CONSTANT_CONVERSION = YES;
				CLANG_WARN_DIRECT_OBJC_ISA_USAGE = YES_ERROR;
				CLANG_WARN_EMPTY_BODY = YES;
				CLANG_WARN_ENUM_CONVERSION = YES;
				CLANG_WARN_INT_CONVERSION = YES;
				CLANG_WARN_OBJC_ROOT_CLASS = YES_ERROR;
				CLANG_WARN_UNREACHABLE_CODE = YES;
				CLANG_WARN__DUPLICATE_METHOD_MATCH = YES;
				"CODE_SIGN_IDENTITY[sdk=iphoneos*]" = "iPhone Developer";
				COPY_PHASE_STRIP = NO;
				DEBUG_INFORMATION_FORMAT = dwarf;
				ENABLE_STRICT_OBJC_MSGSEND = YES;
				ENABLE_TESTABILITY = YES;
				GCC_C_LANGUAGE_STANDARD = gnu99;
				GCC_DYNAMIC_NO_PIC = NO;
				GCC_NO_COMMON_BLOCKS = YES;
				GCC_OPTIMIZATION_LEVEL = 0;
				GCC_PREPROCESSOR_DEFINITIONS = (
					"DEBUG=1",
					"$(inherited)",
				);
				GCC_WARN_64_TO_32_BIT_CONVERSION = YES;
				GCC_WARN_ABOUT_RETURN_TYPE = YES_ERROR;
				GCC_WARN_UNDECLARED_SELECTOR = YES;
				GCC_WARN_UNINITIALIZED_AUTOS = YES_AGGRESSIVE;
				GCC_WARN_UNUSED_FUNCTION = YES;
				GCC_WARN_UNUSED_VARIABLE = YES;
				IPHONEOS_DEPLOYMENT_TARGET = 9.1;
				MTL_ENABLE_DEBUG_INFO = YES;
				ONLY_ACTIVE_ARCH = YES;
				SDKROOT = iphoneos;
				TARGETED_DEVICE_FAMILY = "1,2";
			};
			name = Debug;
		};
		456225CA1BF579F9008202A7 /* Release */ = {
			isa = XCBuildConfiguration;
			buildSettings = {
				ALWAYS_SEARCH_USER_PATHS = NO;
				CLANG_CXX_LANGUAGE_STANDARD = "gnu++0x";
				CLANG_CXX_LIBRARY = "libc++";
				CLANG_ENABLE_MODULES = YES;
				CLANG_ENABLE_OBJC_ARC = YES;
				CLANG_WARN_BOOL_CONVERSION = YES;
				CLANG_WARN_CONSTANT_CONVERSION = YES;
				CLANG_WARN_DIRECT_OBJC_ISA_USAGE = YES_ERROR;
				CLANG_WARN_EMPTY_BODY = YES;
				CLANG_WARN_ENUM_CONVERSION = YES;
				CLANG_WARN_INT_CONVERSION = YES;
				CLANG_WARN_OBJC_ROOT_CLASS = YES_ERROR;
				CLANG_WARN_UNREACHABLE_CODE = YES;
				CLANG_WARN__DUPLICATE_METHOD_MATCH = YES;
				"CODE_SIGN_IDENTITY[sdk=iphoneos*]" = "iPhone Developer";
				COPY_PHASE_STRIP = NO;
				DEBUG_INFORMATION_FORMAT = "dwarf-with-dsym";
				ENABLE_NS_ASSERTIONS = NO;
				ENABLE_STRICT_OBJC_MSGSEND = YES;
				GCC_C_LANGUAGE_STANDARD = gnu99;
				GCC_NO_COMMON_BLOCKS = YES;
				GCC_WARN_64_TO_32_BIT_CONVERSION = YES;
				GCC_WARN_ABOUT_RETURN_TYPE = YES_ERROR;
				GCC_WARN_UNDECLARED_SELECTOR = YES;
				GCC_WARN_UNINITIALIZED_AUTOS = YES_AGGRESSIVE;
				GCC_WARN_UNUSED_FUNCTION = YES;
				GCC_WARN_UNUSED_VARIABLE = YES;
				IPHONEOS_DEPLOYMENT_TARGET = 9.1;
				MTL_ENABLE_DEBUG_INFO = NO;
				SDKROOT = iphoneos;
				TARGETED_DEVICE_FAMILY = "1,2";
				VALIDATE_PRODUCT = YES;
			};
			name = Release;
		};
		456225CC1BF579F9008202A7 /* Debug */ = {
			isa = XCBuildConfiguration;
			buildSettings = {
				ASSETCATALOG_COMPILER_APPICON_NAME = AppIcon;
				INFOPLIST_FILE = Demo/Info.plist;
				LD_RUNPATH_SEARCH_PATHS = "$(inherited) @executable_path/Frameworks";
				PRODUCT_BUNDLE_IDENTIFIER = "com.PF-Lib.Demo";
				PRODUCT_NAME = "$(TARGET_NAME)";
			};
			name = Debug;
		};
		456225CD1BF579F9008202A7 /* Release */ = {
			isa = XCBuildConfiguration;
			buildSettings = {
				ASSETCATALOG_COMPILER_APPICON_NAME = AppIcon;
				INFOPLIST_FILE = Demo/Info.plist;
				LD_RUNPATH_SEARCH_PATHS = "$(inherited) @executable_path/Frameworks";
				PRODUCT_BUNDLE_IDENTIFIER = "com.PF-Lib.Demo";
				PRODUCT_NAME = "$(TARGET_NAME)";
			};
			name = Release;
		};
/* End XCBuildConfiguration section */

/* Begin XCConfigurationList section */
		456225AF1BF579F9008202A7 /* Build configuration list for PBXProject "Demo" */ = {
			isa = XCConfigurationList;
			buildConfigurations = (
				456225C91BF579F9008202A7 /* Debug */,
				456225CA1BF579F9008202A7 /* Release */,
			);
			defaultConfigurationIsVisible = 0;
			defaultConfigurationName = Release;
		};
		456225CB1BF579F9008202A7 /* Build configuration list for PBXNativeTarget "Demo" */ = {
			isa = XCConfigurationList;
			buildConfigurations = (
				456225CC1BF579F9008202A7 /* Debug */,
				456225CD1BF579F9008202A7 /* Release */,
			);
			defaultConfigurationIsVisible = 0;
			defaultConfigurationName = Release;
		};
/* End XCConfigurationList section */
	};
	rootObject = 456225AC1BF579F9008202A7 /* Project object */;
}
